%{
  "ecto_sql": {:hex, :ecto_sql, "3.8.3", "a7d22c624202546a39d615ed7a6b784580391e65723f2d24f65941b4dd73d471", [:mix], [{:db_connection, "~> 2.5 or ~> 2.4.1", [hex: :db_connection, repo: "hexpm", optional: false]}, {:ecto, "~> 3.8.4", [hex: :ecto, repo: "hexpm", optional: false]}, {:myxql, "~> 0.6.0", [hex: :myxql, repo: "hexpm", optional: true]}, {:postgrex, "~> 0.15.0 or ~> 0.16.0 or ~> 1.0", [hex: :postgrex, repo: "hexpm", optional: true]}, {:tds, "~> 2.1.1 or ~> 2.2", [hex: :tds, repo: "hexpm", optional: true]}, {:telemetry, "~> 0.4.0 or ~> 1.0", [hex: :telemetry, repo: "hexpm", optional: false]}], "hexpm", "348cb17fb9e6daf6f251a87049eafcb57805e2892e5e6a0f5dea0985d367329b"},
  "html_sanitize_ex": {:hex, :html_sanitize_ex, "1.4.2", "c479398b6de798c03eb5d04a0a9a9159d73508f83f6590a00b8eacba3619cf4c", [:mix], [{:mochiweb, "~> 2.15", [hex: :mochiweb, repo: "hexpm", optional: false]}], "hexpm", "aef6c28585d06a9109ad591507e508854c5559561f950bbaea773900dd369b0e"},
}
